
Microsoft Visual Studio Solution File, Format Version 12.00
# Visual Studio 15
VisualStudioVersion = 15.0.28307.271
MinimumVisualStudioVersion = 10.0.40219.1
Project("{E24C65DC-7377-472B-9ABA-BC803B73C61A}") = "IceCream", "IceCream\", "{54765BC7-9E77-4488-9CC7-E5D3B950C976}"
	ProjectSection(WebsiteProperties) = preProject
		TargetFrameworkMoniker = ".NETFramework,Version%3Dv4.6.1"
		Debug.AspNetCompiler.VirtualPath = "/localhost_50313"
		Debug.AspNetCompiler.PhysicalPath = "IceCream\"
		Debug.AspNetCompiler.TargetPath = "PrecompiledWeb\localhost_50313\"
		Debug.AspNetCompiler.Updateable = "true"
		Debug.AspNetCompiler.ForceOverwrite = "true"
		Debug.AspNetCompiler.FixedNames = "false"
		Debug.AspNetCompiler.Debug = "True"
		Release.AspNetCompiler.VirtualPath = "/localhost_50313"
		Release.AspNetCompiler.PhysicalPath = "IceCream\"
		Release.AspNetCompiler.TargetPath = "PrecompiledWeb\localhost_50313\"
		Release.AspNetCompiler.Updateable = "true"
		Release.AspNetCompiler.ForceOverwrite = "true"
		Release.AspNetCompiler.FixedNames = "false"
		Release.AspNetCompiler.Debug = "False"
		VWDPort = "50313"
		SlnRelativePath = "IceCream\"
		DefaultWebSiteLanguage = "Visual C#"
	EndProjectSection
EndProject
Global
	GlobalSection(SolutionConfigurationPlatforms) = preSolution
		Debug|Any CPU = Debug|Any CPU
	EndGlobalSection
	GlobalSection(ProjectConfigurationPlatforms) = postSolution
		{54765BC7-9E77-4488-9CC7-E5D3B950C976}.Debug|Any CPU.ActiveCfg = Debug|Any CPU
		{54765BC7-9E77-4488-9CC7-E5D3B950C976}.Debug|Any CPU.Build.0 = Debug|Any CPU
	EndGlobalSection
	GlobalSection(SolutionProperties) = preSolution
		HideSolutionNode = FALSE
	EndGlobalSection
	GlobalSection(ExtensibilityGlobals) = postSolution
		SolutionGuid = {FF018AD8-18A5-4C22-A2EB-1B90466FF2DE}
	EndGlobalSection
EndGlobal
